
Microsoft Visual Studio Solution File, Format Version 12.00
# Visual Studio Version 16
VisualStudioVersion = 16.0.808.6
MinimumVisualStudioVersion = 10.0.40219.1
Project("{FAE04EC0-301F-11D3-BF4B-00C04F79EFBC}") = "ProcessWrapper", "ProcessWrapper\ProcessWrapper.csproj", "{D67E98F4-8165-4DE9-8669-18C70DC9D057}"
EndProject
Global
	GlobalSection(SolutionConfigurationPlatforms) = preSolution
		Debug|Any CPU = Debug|Any CPU
		Release|Any CPU = Release|Any CPU
	EndGlobalSection
	GlobalSection(ProjectConfigurationPlatforms) = postSolution
		{D67E98F4-8165-4DE9-8669-18C70DC9D057}.Debug|Any CPU.ActiveCfg = Debug|Any CPU
		{D67E98F4-8165-4DE9-8669-18C70DC9D057}.Debug|Any CPU.Build.0 = Debug|Any CPU
		{D67E98F4-8165-4DE9-8669-18C70DC9D057}.Release|Any CPU.ActiveCfg = Release|Any CPU
		{D67E98F4-8165-4DE9-8669-18C70DC9D057}.Release|Any CPU.Build.0 = Release|Any CPU
	EndGlobalSection
	GlobalSection(SolutionProperties) = preSolution
		HideSolutionNode = FALSE
	EndGlobalSection
	GlobalSection(ExtensibilityGlobals) = postSolution
		SolutionGuid = {FDC0F86D-D4B9-4DAD-BB97-521352AD9821}
	EndGlobalSection
EndGlobal
